<?xml version="1.0" encoding="utf-8"?>
<Project ToolsVersion="4.0" xmlns="http://schemas.microsoft.com/developer/msbuild/2003">
  <ItemGroup>
    <ClCompile Include="main.cpp" />
    <ClCompile Include="imgui\imgui.cpp">
      <Filter>imgui</Filter>
    </ClCompile>
    <ClCompile Include="imgui\imgui_demo.cpp">
      <Filter>imgui</Filter>
    </ClCompile>
    <ClCompile Include="imgui\imgui_draw.cpp">
      <Filter>imgui</Filter>
    </ClCompile>
    <ClCompile Include="imgui\backends\imgui_impl_dx12.cpp">
      <Filter>imgui</Filter>
    </ClCompile>
    <ClCompile Include="imgui\backends\imgui_impl_win32.cpp">
      <Filter>imgui</Filter>
    </ClCompile>
    <ClCompile Include="imgui\imgui_tables.cpp">
      <Filter>imgui</Filter>
    </ClCompile>
    <ClCompile Include="imgui\imgui_widgets.cpp">
      <Filter>imgui</Filter>
    </ClCompile>
    <ClCompile Include="RCCppMainLoop.cpp">
      <Filter>RuntimeCompiled</Filter>
    </ClCompile>
    <ClCompile Include="Common\DeviceResources.cpp">
      <Filter>Common</Filter>
    </ClCompile>
    <ClCompile Include="StdioLogSystem.cpp" />
    <ClCompile Include="Scene\SceneTitle.cpp" />
    <ClCompile Include="Scene\SceneManager.cpp" />
    <ClCompile Include="Scene\SceneMain.cpp" />
    <ClCompile Include="Scene\SceneLoad.cpp" />
    <ClCompile Include="FrameResource\FrameResource.cpp" />
    <ClCompile Include="Common\Camera.cpp" />
    <ClCompile Include="Common\d3dUtil.cpp" />
    <ClCompile Include="ModelLoader\FBXLoader.cpp" />
    <ClCompile Include="ModelLoader\PMDLoader.cpp" />
    <ClCompile Include="TextureRender\TextureRender.cpp" />
    <ClCompile Include="TextureRender\CubeRenderTarget.cpp" />
    <ClCompile Include="ModelLoader\ModelLoader.cpp" />
    <ClCompile Include="TextureRender\ShadowMap.cpp" />
    <ClCompile Include="Wave\Waves.cpp" />
  </ItemGroup>
  <ItemGroup>
    <ClInclude Include="imgui\imconfig.h">
      <Filter>imgui</Filter>
    </ClInclude>
    <ClInclude Include="imgui\imgui.h">
      <Filter>imgui</Filter>
    </ClInclude>
    <ClInclude Include="imgui\backends\imgui_impl_dx12.h">
      <Filter>imgui</Filter>
    </ClInclude>
    <ClInclude Include="imgui\backends\imgui_impl_win32.h">
      <Filter>imgui</Filter>
    </ClInclude>
    <ClInclude Include="imgui\imgui_internal.h">
      <Filter>imgui</Filter>
    </ClInclude>
    <ClInclude Include="RCCppMainLoop.h">
      <Filter>RuntimeCompiled</Filter>
    </ClInclude>
    <ClInclude Include="SystemTable.h">
      <Filter>RuntimeCompiled</Filter>
    </ClInclude>
    <ClInclude Include="Common\DeviceResources.h">
      <Filter>Common</Filter>
    </ClInclude>
    <ClInclude Include="Common\d3dx12.h">
      <Filter>Common</Filter>
    </ClInclude>
    <ClInclude Include="StdioLogSystem.h" />
    <ClInclude Include="Common\StepTimer.h">
      <Filter>Common</Filter>
    </ClInclude>
    <ClInclude Include="Scene\Scene.h" />
    <ClInclude Include="FrameResource\FrameResource.h" />
    <ClInclude Include="Common\Camera.h" />
    <ClInclude Include="Common\UploadBuffer.h" />
    <ClInclude Include="Common\d3dUtil.h" />
    <ClInclude Include="ModelLoader\FBXLoader.h" />
    <ClInclude Include="ModelLoader\PMDLoader.h" />
    <ClInclude Include="TextureRender\TextureRender.h" />
    <ClInclude Include="TextureRender\CubeRenderTarget.h" />
    <ClInclude Include="ModelLoader\ModelLoader.h" />
    <ClInclude Include="TextureRender\ShadowMap.h" />
    <ClInclude Include="Wave\Waves.h" />
  </ItemGroup>
  <ItemGroup>
    <Filter Include="imgui">
      <UniqueIdentifier>{c52e62f8-fadd-4d8a-8fff-034141857564}</UniqueIdentifier>
    </Filter>
    <Filter Include="RuntimeCompiled">
      <UniqueIdentifier>{d87d85df-307e-4004-9e3f-4abfb2e43906}</UniqueIdentifier>
    </Filter>
    <Filter Include="Common">
      <UniqueIdentifier>{c8ba7b46-4221-4d55-a3c8-f2f714300a73}</UniqueIdentifier>
    </Filter>
  </ItemGroup>
  <ItemGroup>
    <FxCompile Include="Shaders\Sky.hlsl" />
    <FxCompile Include="Shaders\Common.hlsl" />
    <FxCompile Include="Shaders\LightingUtil.hlsl" />
    <FxCompile Include="Shaders\DrawNormals.hlsl" />
    <FxCompile Include="Shaders\ShadowDebug.hlsl" />
    <FxCompile Include="Shaders\Shadows.hlsl" />
    <FxCompile Include="Shaders\Ssao.hlsl" />
    <FxCompile Include="Shaders\SsaoBlur.hlsl" />
    <FxCompile Include="Shaders\Default.hlsl" />
  </ItemGroup>
  <ItemGroup>
    <None Include="build\x64\Debug\libfbxsdk.dll" />
    <None Include="Shaders\VertexPositionNormalTexture.hlsl" />
    <None Include="build\x64\Debug\assimp-vc142-mtd.dll" />
  </ItemGroup>
  <ItemGroup>
    <Library Include="Assimp\Libs\assimp-vc142-mtd.lib" />
  </ItemGroup>
</Project>